
Microsoft Visual Studio Solution File, Format Version 12.00
# Visual Studio 15
VisualStudioVersion = 15.0.27004.2006
MinimumVisualStudioVersion = 10.0.40219.1
Project("{9A19103F-16F7-4668-BE54-9A1E7A4F7556}") = "TipsTrade.PCAPredict-Net", "TipsTrade.PCAPredict-Net\TipsTrade.PCAPredict-Net.csproj", "{EE8B8D33-A4DF-44DD-906D-3D579883E75B}"
EndProject
Project("{FAE04EC0-301F-11D3-BF4B-00C04F79EFBC}") = "Tests", "Tests\Tests.csproj", "{EB599903-895C-466E-9928-5FB304E64E56}"
EndProject
Global
	GlobalSection(SolutionConfigurationPlatforms) = preSolution
		Debug|Any CPU = Debug|Any CPU
		Release|Any CPU = Release|Any CPU
	EndGlobalSection
	GlobalSection(ProjectConfigurationPlatforms) = postSolution
		{EE8B8D33-A4DF-44DD-906D-3D579883E75B}.Debug|Any CPU.ActiveCfg = Debug|Any CPU
		{EE8B8D33-A4DF-44DD-906D-3D579883E75B}.Debug|Any CPU.Build.0 = Debug|Any CPU
		{EE8B8D33-A4DF-44DD-906D-3D579883E75B}.Release|Any CPU.ActiveCfg = Release|Any CPU
		{EE8B8D33-A4DF-44DD-906D-3D579883E75B}.Release|Any CPU.Build.0 = Release|Any CPU
		{EB599903-895C-466E-9928-5FB304E64E56}.Debug|Any CPU.ActiveCfg = Debug|Any CPU
		{EB599903-895C-466E-9928-5FB304E64E56}.Debug|Any CPU.Build.0 = Debug|Any CPU
		{EB599903-895C-466E-9928-5FB304E64E56}.Release|Any CPU.ActiveCfg = Release|Any CPU
		{EB599903-895C-466E-9928-5FB304E64E56}.Release|Any CPU.Build.0 = Release|Any CPU
	EndGlobalSection
	GlobalSection(SolutionProperties) = preSolution
		HideSolutionNode = FALSE
	EndGlobalSection
	GlobalSection(ExtensibilityGlobals) = postSolution
		SolutionGuid = {740CE2F7-AF22-459E-902F-C9263303E8C5}
	EndGlobalSection
EndGlobal
